
Microsoft Visual Studio Solution File, Format Version 12.00
# Visual Studio 15
VisualStudioVersion = 15.0.27703.2035
MinimumVisualStudioVersion = 10.0.40219.1
Project("{8BC9CEB8-8B4A-11D0-8D11-00A0C91BC942}") = "World", "World\World.vcxproj", "{BC7035CE-1F65-48A8-A6A9-0E732B442C0A}"
EndProject
Global
	GlobalSection(SolutionConfigurationPlatforms) = preSolution
		Debug|x64 = Debug|x64
		Debug|x86 = Debug|x86
		Release|x64 = Release|x64
		Release|x86 = Release|x86
	EndGlobalSection
	GlobalSection(ProjectConfigurationPlatforms) = postSolution
		{BC7035CE-1F65-48A8-A6A9-0E732B442C0A}.Debug|x64.ActiveCfg = Debug|x64
		{BC7035CE-1F65-48A8-A6A9-0E732B442C0A}.Debug|x64.Build.0 = Debug|x64
		{BC7035CE-1F65-48A8-A6A9-0E732B442C0A}.Debug|x86.ActiveCfg = Debug|Win32
		{BC7035CE-1F65-48A8-A6A9-0E732B442C0A}.Debug|x86.Build.0 = Debug|Win32
		{BC7035CE-1F65-48A8-A6A9-0E732B442C0A}.Release|x64.ActiveCfg = Release|x64
		{BC7035CE-1F65-48A8-A6A9-0E732B442C0A}.Release|x64.Build.0 = Release|x64
		{BC7035CE-1F65-48A8-A6A9-0E732B442C0A}.Release|x86.ActiveCfg = Release|Win32
		{BC7035CE-1F65-48A8-A6A9-0E732B442C0A}.Release|x86.Build.0 = Release|Win32
	EndGlobalSection
	GlobalSection(SolutionProperties) = preSolution
		HideSolutionNode = FALSE
	EndGlobalSection
	GlobalSection(ExtensibilityGlobals) = postSolution
		SolutionGuid = {A8403C2D-2144-41F5-9AD7-D7C1D2B69C1E}
	EndGlobalSection
EndGlobal
